
Microsoft Visual Studio Solution File, Format Version 12.00
# Visual Studio Version 17
VisualStudioVersion = 17.1.32421.90
MinimumVisualStudioVersion = 10.0.40219.1
Project("{8BC9CEB8-8B4A-11D0-8D11-00A0C91BC942}") = "simqueue_2022", "simqueue_2022.vcxproj", "{4F574C2A-3426-48CE-97BE-7C0C3F86B1E1}"
EndProject
Global
	GlobalSection(SolutionConfigurationPlatforms) = preSolution
		Debug|x64 = Debug|x64
		Debug|x86 = Debug|x86
		Release|x64 = Release|x64
		Release|x86 = Release|x86
	EndGlobalSection
	GlobalSection(ProjectConfigurationPlatforms) = postSolution
		{4F574C2A-3426-48CE-97BE-7C0C3F86B1E1}.Debug|x64.ActiveCfg = Debug|x64
		{4F574C2A-3426-48CE-97BE-7C0C3F86B1E1}.Debug|x64.Build.0 = Debug|x64
		{4F574C2A-3426-48CE-97BE-7C0C3F86B1E1}.Debug|x86.ActiveCfg = Debug|Win32
		{4F574C2A-3426-48CE-97BE-7C0C3F86B1E1}.Debug|x86.Build.0 = Debug|Win32
		{4F574C2A-3426-48CE-97BE-7C0C3F86B1E1}.Release|x64.ActiveCfg = Release|x64
		{4F574C2A-3426-48CE-97BE-7C0C3F86B1E1}.Release|x64.Build.0 = Release|x64
		{4F574C2A-3426-48CE-97BE-7C0C3F86B1E1}.Release|x86.ActiveCfg = Release|Win32
		{4F574C2A-3426-48CE-97BE-7C0C3F86B1E1}.Release|x86.Build.0 = Release|Win32
	EndGlobalSection
	GlobalSection(SolutionProperties) = preSolution
		HideSolutionNode = FALSE
	EndGlobalSection
	GlobalSection(ExtensibilityGlobals) = postSolution
		SolutionGuid = {F0F147EA-B7C0-4D68-AE5B-B4DB9C8F6457}
	EndGlobalSection
EndGlobal
